// !$*UTF8*$!
{
	archiveVersion = 1;
	classes = {
	};
	objectVersion = 56;
	objects = {

/* Begin PBXBuildFile section */
		2629C6E62C15AAE900C2D4C1 /* UIApplication+.swift in Sources */ = {isa = PBXBuildFile; fileRef = 2629C6E52C15AAE900C2D4C1 /* UIApplication+.swift */; };
		2629C6E92C15B5DF00C2D4C1 /* AuthViewModel.swift in Sources */ = {isa = PBXBuildFile; fileRef = 2629C6E82C15B5DF00C2D4C1 /* AuthViewModel.swift */; };
		2629C6EB2C15B63500C2D4C1 /* SignInView.swift in Sources */ = {isa = PBXBuildFile; fileRef = 2629C6EA2C15B63500C2D4C1 /* SignInView.swift */; };
		2629C6EE2C15B66F00C2D4C1 /* SignUpView.swift in Sources */ = {isa = PBXBuildFile; fileRef = 2629C6ED2C15B66F00C2D4C1 /* SignUpView.swift */; };
		2629C6F02C15B69D00C2D4C1 /* ResetPasswordView.swift in Sources */ = {isa = PBXBuildFile; fileRef = 2629C6EF2C15B69D00C2D4C1 /* ResetPasswordView.swift */; };
		2629C6F22C15B75D00C2D4C1 /* TabView.swift in Sources */ = {isa = PBXBuildFile; fileRef = 2629C6F12C15B75D00C2D4C1 /* TabView.swift */; };
		2629C6F62C15B86300C2D4C1 /* GoogleService-Info.plist in Resources */ = {isa = PBXBuildFile; fileRef = 2629C6F52C15B86300C2D4C1 /* GoogleService-Info.plist */; };
		2629C6FA2C16004600C2D4C1 /* HistoryView.swift in Sources */ = {isa = PBXBuildFile; fileRef = 2629C6F92C16004600C2D4C1 /* HistoryView.swift */; };
		2629C6FC2C16005100C2D4C1 /* SettingView.swift in Sources */ = {isa = PBXBuildFile; fileRef = 2629C6FB2C16005100C2D4C1 /* SettingView.swift */; };
		262D8A932C314B7700BA195E /* AuthState.swift in Sources */ = {isa = PBXBuildFile; fileRef = 262D8A922C314B7700BA195E /* AuthState.swift */; };
		262D8A952C31BB4D00BA195E /* View+.swift in Sources */ = {isa = PBXBuildFile; fileRef = 262D8A942C31BB4D00BA195E /* View+.swift */; };
		262D8A972C31BF0B00BA195E /* Color+.swift in Sources */ = {isa = PBXBuildFile; fileRef = 262D8A962C31BF0B00BA195E /* Color+.swift */; };
		263EDE662D92EFA800DE4E7C /* CustomToolbarContent.swift in Sources */ = {isa = PBXBuildFile; fileRef = 263EDE652D92EFA800DE4E7C /* CustomToolbarContent.swift */; };
		2644A1162C29B2BA00152BC3 /* Collection+.swift in Sources */ = {isa = PBXBuildFile; fileRef = 2644A1152C29B2B900152BC3 /* Collection+.swift */; };
		2644A1182C29D0C400152BC3 /* CommonViewModel.swift in Sources */ = {isa = PBXBuildFile; fileRef = 2644A1172C29D0C400152BC3 /* CommonViewModel.swift */; };
		2679ADBB2D5B51B400F1081A /* HomeView.swift in Sources */ = {isa = PBXBuildFile; fileRef = 2679ADBA2D5B51B400F1081A /* HomeView.swift */; };
		2679ADBD2D5B9F4500F1081A /* HomeViewModel.swift in Sources */ = {isa = PBXBuildFile; fileRef = 2679ADBC2D5B9F4500F1081A /* HomeViewModel.swift */; };
		267FB3F12C17435F00B51EEE /* User.swift in Sources */ = {isa = PBXBuildFile; fileRef = 267FB3F02C17435F00B51EEE /* User.swift */; };
		267FB3F32C174E6800B51EEE /* HistoryViewModel.swift in Sources */ = {isa = PBXBuildFile; fileRef = 267FB3F22C174E6800B51EEE /* HistoryViewModel.swift */; };
		267FB3F52C17572700B51EEE /* Group.swift in Sources */ = {isa = PBXBuildFile; fileRef = 267FB3F42C17572700B51EEE /* Group.swift */; };
		26A028B02C144404007F4446 /* SimpleChatApp.swift in Sources */ = {isa = PBXBuildFile; fileRef = 26A028AF2C144404007F4446 /* SimpleChatApp.swift */; };
		26A028B42C144406007F4446 /* Assets.xcassets in Resources */ = {isa = PBXBuildFile; fileRef = 26A028B32C144406007F4446 /* Assets.xcassets */; };
		26A028B72C144406007F4446 /* Preview Assets.xcassets in Resources */ = {isa = PBXBuildFile; fileRef = 26A028B62C144406007F4446 /* Preview Assets.xcassets */; };
		26A028C22C144757007F4446 /* FirebaseAnalytics in Frameworks */ = {isa = PBXBuildFile; productRef = 26A028C12C144757007F4446 /* FirebaseAnalytics */; };
		26A028C42C144757007F4446 /* FirebaseAuth in Frameworks */ = {isa = PBXBuildFile; productRef = 26A028C32C144757007F4446 /* FirebaseAuth */; };
		26A028C62C144757007F4446 /* FirebaseAuthCombine-Community in Frameworks */ = {isa = PBXBuildFile; productRef = 26A028C52C144757007F4446 /* FirebaseAuthCombine-Community */; };
		26A028C82C144757007F4446 /* FirebaseFirestore in Frameworks */ = {isa = PBXBuildFile; productRef = 26A028C72C144757007F4446 /* FirebaseFirestore */; };
		26A028CA2C144757007F4446 /* FirebaseFirestoreCombine-Community in Frameworks */ = {isa = PBXBuildFile; productRef = 26A028C92C144757007F4446 /* FirebaseFirestoreCombine-Community */; };
		26A028CC2C144757007F4446 /* FirebaseFirestoreSwift in Frameworks */ = {isa = PBXBuildFile; productRef = 26A028CB2C144757007F4446 /* FirebaseFirestoreSwift */; };
		26A028D12C14570B007F4446 /* MessageElement.swift in Sources */ = {isa = PBXBuildFile; fileRef = 26A028D02C14570B007F4446 /* MessageElement.swift */; };
		26A028D32C145728007F4446 /* MessageVIewModel.swift in Sources */ = {isa = PBXBuildFile; fileRef = 26A028D22C145728007F4446 /* MessageVIewModel.swift */; };
		26A028D52C145741007F4446 /* MessageRow.swift in Sources */ = {isa = PBXBuildFile; fileRef = 26A028D42C145741007F4446 /* MessageRow.swift */; };
		26A028D72C14579F007F4446 /* MessageView.swift in Sources */ = {isa = PBXBuildFile; fileRef = 26A028D62C14579F007F4446 /* MessageView.swift */; };
		26A028DA2C145B27007F4446 /* Date+.swift in Sources */ = {isa = PBXBuildFile; fileRef = 26A028D92C145B27007F4446 /* Date+.swift */; };
		26A028DD2C14A679007F4446 /* Logger.swift in Sources */ = {isa = PBXBuildFile; fileRef = 26A028DC2C14A679007F4446 /* Logger.swift */; };
/* End PBXBuildFile section */

/* Begin PBXFileReference section */
		2629C6E52C15AAE900C2D4C1 /* UIApplication+.swift */ = {isa = PBXFileReference; lastKnownFileType = sourcecode.swift; path = "UIApplication+.swift"; sourceTree = "<group>"; };
		2629C6E72C15ADA700C2D4C1 /* Info.plist */ = {isa = PBXFileReference; lastKnownFileType = text.plist; path = Info.plist; sourceTree = "<group>"; };
		2629C6E82C15B5DF00C2D4C1 /* AuthViewModel.swift */ = {isa = PBXFileReference; lastKnownFileType = sourcecode.swift; path = AuthViewModel.swift; sourceTree = "<group>"; };
		2629C6EA2C15B63500C2D4C1 /* SignInView.swift */ = {isa = PBXFileReference; lastKnownFileType = sourcecode.swift; path = SignInView.swift; sourceTree = "<group>"; };
		2629C6ED2C15B66F00C2D4C1 /* SignUpView.swift */ = {isa = PBXFileReference; lastKnownFileType = sourcecode.swift; path = SignUpView.swift; sourceTree = "<group>"; };
		2629C6EF2C15B69D00C2D4C1 /* ResetPasswordView.swift */ = {isa = PBXFileReference; lastKnownFileType = sourcecode.swift; path = ResetPasswordView.swift; sourceTree = "<group>"; };
		2629C6F12C15B75D00C2D4C1 /* TabView.swift */ = {isa = PBXFileReference; lastKnownFileType = sourcecode.swift; path = TabView.swift; sourceTree = "<group>"; };
		2629C6F52C15B86300C2D4C1 /* GoogleService-Info.plist */ = {isa = PBXFileReference; fileEncoding = 4; lastKnownFileType = text.plist.xml; path = "GoogleService-Info.plist"; sourceTree = "<group>"; };
		2629C6F92C16004600C2D4C1 /* HistoryView.swift */ = {isa = PBXFileReference; lastKnownFileType = sourcecode.swift; path = HistoryView.swift; sourceTree = "<group>"; };
		2629C6FB2C16005100C2D4C1 /* SettingView.swift */ = {isa = PBXFileReference; lastKnownFileType = sourcecode.swift; path = SettingView.swift; sourceTree = "<group>"; };
		262D8A922C314B7700BA195E /* AuthState.swift */ = {isa = PBXFileReference; lastKnownFileType = sourcecode.swift; path = AuthState.swift; sourceTree = "<group>"; };
		262D8A942C31BB4D00BA195E /* View+.swift */ = {isa = PBXFileReference; lastKnownFileType = sourcecode.swift; path = "View+.swift"; sourceTree = "<group>"; };
		262D8A962C31BF0B00BA195E /* Color+.swift */ = {isa = PBXFileReference; lastKnownFileType = sourcecode.swift; path = "Color+.swift"; sourceTree = "<group>"; };
		263EDE652D92EFA800DE4E7C /* CustomToolbarContent.swift */ = {isa = PBXFileReference; lastKnownFileType = sourcecode.swift; path = CustomToolbarContent.swift; sourceTree = "<group>"; };
		2644A1152C29B2B900152BC3 /* Collection+.swift */ = {isa = PBXFileReference; lastKnownFileType = sourcecode.swift; path = "Collection+.swift"; sourceTree = "<group>"; };
		2644A1172C29D0C400152BC3 /* CommonViewModel.swift */ = {isa = PBXFileReference; lastKnownFileType = sourcecode.swift; path = CommonViewModel.swift; sourceTree = "<group>"; };
		2679ADBA2D5B51B400F1081A /* HomeView.swift */ = {isa = PBXFileReference; lastKnownFileType = sourcecode.swift; path = HomeView.swift; sourceTree = "<group>"; };
		2679ADBC2D5B9F4500F1081A /* HomeViewModel.swift */ = {isa = PBXFileReference; lastKnownFileType = sourcecode.swift; path = HomeViewModel.swift; sourceTree = "<group>"; };
		267FB3F02C17435F00B51EEE /* User.swift */ = {isa = PBXFileReference; lastKnownFileType = sourcecode.swift; path = User.swift; sourceTree = "<group>"; };
		267FB3F22C174E6800B51EEE /* HistoryViewModel.swift */ = {isa = PBXFileReference; lastKnownFileType = sourcecode.swift; path = HistoryViewModel.swift; sourceTree = "<group>"; };
		267FB3F42C17572700B51EEE /* Group.swift */ = {isa = PBXFileReference; lastKnownFileType = sourcecode.swift; path = Group.swift; sourceTree = "<group>"; };
		26A028AC2C144404007F4446 /* SimpleChat.app */ = {isa = PBXFileReference; explicitFileType = wrapper.application; includeInIndex = 0; path = SimpleChat.app; sourceTree = BUILT_PRODUCTS_DIR; };
		26A028AF2C144404007F4446 /* SimpleChatApp.swift */ = {isa = PBXFileReference; lastKnownFileType = sourcecode.swift; path = SimpleChatApp.swift; sourceTree = "<group>"; };
		26A028B32C144406007F4446 /* Assets.xcassets */ = {isa = PBXFileReference; lastKnownFileType = folder.assetcatalog; path = Assets.xcassets; sourceTree = "<group>"; };
		26A028B62C144406007F4446 /* Preview Assets.xcassets */ = {isa = PBXFileReference; lastKnownFileType = folder.assetcatalog; path = "Preview Assets.xcassets"; sourceTree = "<group>"; };
		26A028D02C14570B007F4446 /* MessageElement.swift */ = {isa = PBXFileReference; lastKnownFileType = sourcecode.swift; path = MessageElement.swift; sourceTree = "<group>"; };
		26A028D22C145728007F4446 /* MessageVIewModel.swift */ = {isa = PBXFileReference; lastKnownFileType = sourcecode.swift; path = MessageVIewModel.swift; sourceTree = "<group>"; };
		26A028D42C145741007F4446 /* MessageRow.swift */ = {isa = PBXFileReference; lastKnownFileType = sourcecode.swift; path = MessageRow.swift; sourceTree = "<group>"; };
		26A028D62C14579F007F4446 /* MessageView.swift */ = {isa = PBXFileReference; lastKnownFileType = sourcecode.swift; path = MessageView.swift; sourceTree = "<group>"; };
		26A028D92C145B27007F4446 /* Date+.swift */ = {isa = PBXFileReference; lastKnownFileType = sourcecode.swift; path = "Date+.swift"; sourceTree = "<group>"; };
		26A028DC2C14A679007F4446 /* Logger.swift */ = {isa = PBXFileReference; lastKnownFileType = sourcecode.swift; path = Logger.swift; sourceTree = "<group>"; };
/* End PBXFileReference section */

/* Begin PBXFrameworksBuildPhase section */
		26A028A92C144404007F4446 /* Frameworks */ = {
			isa = PBXFrameworksBuildPhase;
			buildActionMask = 2147483647;
			files = (
				26A028C22C144757007F4446 /* FirebaseAnalytics in Frameworks */,
				26A028C82C144757007F4446 /* FirebaseFirestore in Frameworks */,
				26A028C62C144757007F4446 /* FirebaseAuthCombine-Community in Frameworks */,
				26A028CA2C144757007F4446 /* FirebaseFirestoreCombine-Community in Frameworks */,
				26A028C42C144757007F4446 /* FirebaseAuth in Frameworks */,
				26A028CC2C144757007F4446 /* FirebaseFirestoreSwift in Frameworks */,
			);
			runOnlyForDeploymentPostprocessing = 0;
		};
/* End PBXFrameworksBuildPhase section */

/* Begin PBXGroup section */
		2629C6EC2C15B65A00C2D4C1 /* Account */ = {
			isa = PBXGroup;
			children = (
				2629C6EA2C15B63500C2D4C1 /* SignInView.swift */,
				2629C6ED2C15B66F00C2D4C1 /* SignUpView.swift */,
				2629C6EF2C15B69D00C2D4C1 /* ResetPasswordView.swift */,
			);
			path = Account;
			sourceTree = "<group>";
		};
		2629C6F72C15FF9000C2D4C1 /* Top */ = {
			isa = PBXGroup;
			children = (
				2629C6F12C15B75D00C2D4C1 /* TabView.swift */,
				2679ADBA2D5B51B400F1081A /* HomeView.swift */,
				2629C6F92C16004600C2D4C1 /* HistoryView.swift */,
				2629C6FB2C16005100C2D4C1 /* SettingView.swift */,
			);
			path = Top;
			sourceTree = "<group>";
		};
		2629C6F82C16001F00C2D4C1 /* Chat */ = {
			isa = PBXGroup;
			children = (
				26A028D42C145741007F4446 /* MessageRow.swift */,
				26A028D62C14579F007F4446 /* MessageView.swift */,
			);
			path = Chat;
			sourceTree = "<group>";
		};
		263EDE642D92EF8600DE4E7C /* Common */ = {
			isa = PBXGroup;
			children = (
				263EDE652D92EFA800DE4E7C /* CustomToolbarContent.swift */,
			);
			path = Common;
			sourceTree = "<group>";
		};
		26A028A32C144404007F4446 = {
			isa = PBXGroup;
			children = (
				26A028AE2C144404007F4446 /* SimpleChat */,
				26A028AD2C144404007F4446 /* Products */,
			);
			sourceTree = "<group>";
		};
		26A028AD2C144404007F4446 /* Products */ = {
			isa = PBXGroup;
			children = (
				26A028AC2C144404007F4446 /* SimpleChat.app */,
			);
			name = Products;
			sourceTree = "<group>";
		};
		26A028AE2C144404007F4446 /* SimpleChat */ = {
			isa = PBXGroup;
			children = (
				2629C6E72C15ADA700C2D4C1 /* Info.plist */,
				26A028DB2C14A664007F4446 /* Util */,
				26A028D82C145B16007F4446 /* Extension */,
				26A028CF2C1449C8007F4446 /* View */,
				26A028CE2C1449AB007F4446 /* ViewModel */,
				26A028CD2C1449A6007F4446 /* Model */,
				26A028BD2C14460F007F4446 /* Configration */,
				26A028AF2C144404007F4446 /* SimpleChatApp.swift */,
				26A028B32C144406007F4446 /* Assets.xcassets */,
				26A028B52C144406007F4446 /* Preview Content */,
			);
			path = SimpleChat;
			sourceTree = "<group>";
		};
		26A028B52C144406007F4446 /* Preview Content */ = {
			isa = PBXGroup;
			children = (
				26A028B62C144406007F4446 /* Preview Assets.xcassets */,
			);
			path = "Preview Content";
			sourceTree = "<group>";
		};
		26A028BD2C14460F007F4446 /* Configration */ = {
			isa = PBXGroup;
			children = (
				2629C6F52C15B86300C2D4C1 /* GoogleService-Info.plist */,
			);
			path = Configration;
			sourceTree = "<group>";
		};
		26A028CD2C1449A6007F4446 /* Model */ = {
			isa = PBXGroup;
			children = (
				26A028D02C14570B007F4446 /* MessageElement.swift */,
				267FB3F02C17435F00B51EEE /* User.swift */,
				267FB3F42C17572700B51EEE /* Group.swift */,
				262D8A922C314B7700BA195E /* AuthState.swift */,
			);
			path = Model;
			sourceTree = "<group>";
		};
		26A028CE2C1449AB007F4446 /* ViewModel */ = {
			isa = PBXGroup;
			children = (
				26A028D22C145728007F4446 /* MessageVIewModel.swift */,
				2679ADBC2D5B9F4500F1081A /* HomeViewModel.swift */,
				2644A1172C29D0C400152BC3 /* CommonViewModel.swift */,
				267FB3F22C174E6800B51EEE /* HistoryViewModel.swift */,
				2629C6E82C15B5DF00C2D4C1 /* AuthViewModel.swift */,
			);
			path = ViewModel;
			sourceTree = "<group>";
		};
		26A028CF2C1449C8007F4446 /* View */ = {
			isa = PBXGroup;
			children = (
				263EDE642D92EF8600DE4E7C /* Common */,
				2629C6F82C16001F00C2D4C1 /* Chat */,
				2629C6F72C15FF9000C2D4C1 /* Top */,
				2629C6EC2C15B65A00C2D4C1 /* Account */,
			);
			path = View;
			sourceTree = "<group>";
		};
		26A028D82C145B16007F4446 /* Extension */ = {
			isa = PBXGroup;
			children = (
				26A028D92C145B27007F4446 /* Date+.swift */,
				2644A1152C29B2B900152BC3 /* Collection+.swift */,
				2629C6E52C15AAE900C2D4C1 /* UIApplication+.swift */,
				262D8A962C31BF0B00BA195E /* Color+.swift */,
				262D8A942C31BB4D00BA195E /* View+.swift */,
			);
			path = Extension;
			sourceTree = "<group>";
		};
		26A028DB2C14A664007F4446 /* Util */ = {
			isa = PBXGroup;
			children = (
				26A028DC2C14A679007F4446 /* Logger.swift */,
			);
			path = Util;
			sourceTree = "<group>";
		};
/* End PBXGroup section */

/* Begin PBXNativeTarget section */
		26A028AB2C144404007F4446 /* SimpleChat */ = {
			isa = PBXNativeTarget;
			buildConfigurationList = 26A028BA2C144406007F4446 /* Build configuration list for PBXNativeTarget "SimpleChat" */;
			buildPhases = (
				26A028A82C144404007F4446 /* Sources */,
				26A028A92C144404007F4446 /* Frameworks */,
				26A028AA2C144404007F4446 /* Resources */,
			);
			buildRules = (
			);
			dependencies = (
			);
			name = SimpleChat;
			packageProductDependencies = (
				26A028C12C144757007F4446 /* FirebaseAnalytics */,
				26A028C32C144757007F4446 /* FirebaseAuth */,
				26A028C52C144757007F4446 /* FirebaseAuthCombine-Community */,
				26A028C72C144757007F4446 /* FirebaseFirestore */,
				26A028C92C144757007F4446 /* FirebaseFirestoreCombine-Community */,
				26A028CB2C144757007F4446 /* FirebaseFirestoreSwift */,
			);
			productName = SimpleChat;
			productReference = 26A028AC2C144404007F4446 /* SimpleChat.app */;
			productType = "com.apple.product-type.application";
		};
/* End PBXNativeTarget section */

/* Begin PBXProject section */
		26A028A42C144404007F4446 /* Project object */ = {
			isa = PBXProject;
			attributes = {
				BuildIndependentTargetsInParallel = 1;
				LastSwiftUpdateCheck = 1430;
				LastUpgradeCheck = 1430;
				TargetAttributes = {
					26A028AB2C144404007F4446 = {
						CreatedOnToolsVersion = 14.3.1;
					};
				};
			};
			buildConfigurationList = 26A028A72C144404007F4446 /* Build configuration list for PBXProject "SimpleChat" */;
			compatibilityVersion = "Xcode 14.0";
			developmentRegion = en;
			hasScannedForEncodings = 0;
			knownRegions = (
				en,
				Base,
			);
			mainGroup = 26A028A32C144404007F4446;
			packageReferences = (
				26A028C02C144757007F4446 /* XCRemoteSwiftPackageReference "firebase-ios-sdk" */,
			);
			productRefGroup = 26A028AD2C144404007F4446 /* Products */;
			projectDirPath = "";
			projectRoot = "";
			targets = (
				26A028AB2C144404007F4446 /* SimpleChat */,
			);
		};
/* End PBXProject section */

/* Begin PBXResourcesBuildPhase section */
		26A028AA2C144404007F4446 /* Resources */ = {
			isa = PBXResourcesBuildPhase;
			buildActionMask = 2147483647;
			files = (
				26A028B72C144406007F4446 /* Preview Assets.xcassets in Resources */,
				26A028B42C144406007F4446 /* Assets.xcassets in Resources */,
				2629C6F62C15B86300C2D4C1 /* GoogleService-Info.plist in Resources */,
			);
			runOnlyForDeploymentPostprocessing = 0;
		};
/* End PBXResourcesBuildPhase section */

/* Begin PBXSourcesBuildPhase section */
		26A028A82C144404007F4446 /* Sources */ = {
			isa = PBXSourcesBuildPhase;
			buildActionMask = 2147483647;
			files = (
				2629C6E92C15B5DF00C2D4C1 /* AuthViewModel.swift in Sources */,
				267FB3F32C174E6800B51EEE /* HistoryViewModel.swift in Sources */,
				2629C6F22C15B75D00C2D4C1 /* TabView.swift in Sources */,
				2679ADBD2D5B9F4500F1081A /* HomeViewModel.swift in Sources */,
				26A028DA2C145B27007F4446 /* Date+.swift in Sources */,
				26A028D72C14579F007F4446 /* MessageView.swift in Sources */,
				267FB3F52C17572700B51EEE /* Group.swift in Sources */,
				2629C6FC2C16005100C2D4C1 /* SettingView.swift in Sources */,
				2629C6EE2C15B66F00C2D4C1 /* SignUpView.swift in Sources */,
				267FB3F12C17435F00B51EEE /* User.swift in Sources */,
				26A028B02C144404007F4446 /* SimpleChatApp.swift in Sources */,
				2629C6FA2C16004600C2D4C1 /* HistoryView.swift in Sources */,
				263EDE662D92EFA800DE4E7C /* CustomToolbarContent.swift in Sources */,
				2644A1162C29B2BA00152BC3 /* Collection+.swift in Sources */,
				2629C6F02C15B69D00C2D4C1 /* ResetPasswordView.swift in Sources */,
				262D8A932C314B7700BA195E /* AuthState.swift in Sources */,
				2644A1182C29D0C400152BC3 /* CommonViewModel.swift in Sources */,
				26A028D32C145728007F4446 /* MessageVIewModel.swift in Sources */,
				262D8A952C31BB4D00BA195E /* View+.swift in Sources */,
				2629C6E62C15AAE900C2D4C1 /* UIApplication+.swift in Sources */,
				26A028D12C14570B007F4446 /* MessageElement.swift in Sources */,
				26A028D52C145741007F4446 /* MessageRow.swift in Sources */,
				2629C6EB2C15B63500C2D4C1 /* SignInView.swift in Sources */,
				2679ADBB2D5B51B400F1081A /* HomeView.swift in Sources */,
				262D8A972C31BF0B00BA195E /* Color+.swift in Sources */,
				26A028DD2C14A679007F4446 /* Logger.swift in Sources */,
			);
			runOnlyForDeploymentPostprocessing = 0;
		};
/* End PBXSourcesBuildPhase section */

/* Begin XCBuildConfiguration section */
		26A028B82C144406007F4446 /* Debug */ = {
			isa = XCBuildConfiguration;
			buildSettings = {
				ALWAYS_SEARCH_USER_PATHS = NO;
				CLANG_ANALYZER_NONNULL = YES;
				CLANG_ANALYZER_NUMBER_OBJECT_CONVERSION = YES_AGGRESSIVE;
				CLANG_CXX_LANGUAGE_STANDARD = "gnu++20";
				CLANG_ENABLE_MODULES = YES;
				CLANG_ENABLE_OBJC_ARC = YES;
				CLANG_ENABLE_OBJC_WEAK = YES;
				CLANG_WARN_BLOCK_CAPTURE_AUTORELEASING = YES;
				CLANG_WARN_BOOL_CONVERSION = YES;
				CLANG_WARN_COMMA = YES;
				CLANG_WARN_CONSTANT_CONVERSION = YES;
				CLANG_WARN_DEPRECATED_OBJC_IMPLEMENTATIONS = YES;
				CLANG_WARN_DIRECT_OBJC_ISA_USAGE = YES_ERROR;
				CLANG_WARN_DOCUMENTATION_COMMENTS = YES;
				CLANG_WARN_EMPTY_BODY = YES;
				CLANG_WARN_ENUM_CONVERSION = YES;
				CLANG_WARN_INFINITE_RECURSION = YES;
				CLANG_WARN_INT_CONVERSION = YES;
				CLANG_WARN_NON_LITERAL_NULL_CONVERSION = YES;
				CLANG_WARN_OBJC_IMPLICIT_RETAIN_SELF = YES;
				CLANG_WARN_OBJC_LITERAL_CONVERSION = YES;
				CLANG_WARN_OBJC_ROOT_CLASS = YES_ERROR;
				CLANG_WARN_QUOTED_INCLUDE_IN_FRAMEWORK_HEADER = YES;
				CLANG_WARN_RANGE_LOOP_ANALYSIS = YES;
				CLANG_WARN_STRICT_PROTOTYPES = YES;
				CLANG_WARN_SUSPICIOUS_MOVE = YES;
				CLANG_WARN_UNGUARDED_AVAILABILITY = YES_AGGRESSIVE;
				CLANG_WARN_UNREACHABLE_CODE = YES;
				CLANG_WARN__DUPLICATE_METHOD_MATCH = YES;
				COPY_PHASE_STRIP = NO;
				DEBUG_INFORMATION_FORMAT = dwarf;
				ENABLE_STRICT_OBJC_MSGSEND = YES;
				ENABLE_TESTABILITY = YES;
				GCC_C_LANGUAGE_STANDARD = gnu11;
				GCC_DYNAMIC_NO_PIC = NO;
				GCC_NO_COMMON_BLOCKS = YES;
				GCC_OPTIMIZATION_LEVEL = 0;
				GCC_PREPROCESSOR_DEFINITIONS = (
					"DEBUG=1",
					"$(inherited)",
				);
				GCC_WARN_64_TO_32_BIT_CONVERSION = YES;
				GCC_WARN_ABOUT_RETURN_TYPE = YES_ERROR;
				GCC_WARN_UNDECLARED_SELECTOR = YES;
				GCC_WARN_UNINITIALIZED_AUTOS = YES_AGGRESSIVE;
				GCC_WARN_UNUSED_FUNCTION = YES;
				GCC_WARN_UNUSED_VARIABLE = YES;
				IPHONEOS_DEPLOYMENT_TARGET = 16.4;
				MTL_ENABLE_DEBUG_INFO = INCLUDE_SOURCE;
				MTL_FAST_MATH = YES;
				ONLY_ACTIVE_ARCH = YES;
				SDKROOT = iphoneos;
				SWIFT_ACTIVE_COMPILATION_CONDITIONS = DEBUG;
				SWIFT_OPTIMIZATION_LEVEL = "-Onone";
			};
			name = Debug;
		};
		26A028B92C144406007F4446 /* Release */ = {
			isa = XCBuildConfiguration;
			buildSettings = {
				ALWAYS_SEARCH_USER_PATHS = NO;
				CLANG_ANALYZER_NONNULL = YES;
				CLANG_ANALYZER_NUMBER_OBJECT_CONVERSION = YES_AGGRESSIVE;
				CLANG_CXX_LANGUAGE_STANDARD = "gnu++20";
				CLANG_ENABLE_MODULES = YES;
				CLANG_ENABLE_OBJC_ARC = YES;
				CLANG_ENABLE_OBJC_WEAK = YES;
				CLANG_WARN_BLOCK_CAPTURE_AUTORELEASING = YES;
				CLANG_WARN_BOOL_CONVERSION = YES;
				CLANG_WARN_COMMA = YES;
				CLANG_WARN_CONSTANT_CONVERSION = YES;
				CLANG_WARN_DEPRECATED_OBJC_IMPLEMENTATIONS = YES;
				CLANG_WARN_DIRECT_OBJC_ISA_USAGE = YES_ERROR;
				CLANG_WARN_DOCUMENTATION_COMMENTS = YES;
				CLANG_WARN_EMPTY_BODY = YES;
				CLANG_WARN_ENUM_CONVERSION = YES;
				CLANG_WARN_INFINITE_RECURSION = YES;
				CLANG_WARN_INT_CONVERSION = YES;
				CLANG_WARN_NON_LITERAL_NULL_CONVERSION = YES;
				CLANG_WARN_OBJC_IMPLICIT_RETAIN_SELF = YES;
				CLANG_WARN_OBJC_LITERAL_CONVERSION = YES;
				CLANG_WARN_OBJC_ROOT_CLASS = YES_ERROR;
				CLANG_WARN_QUOTED_INCLUDE_IN_FRAMEWORK_HEADER = YES;
				CLANG_WARN_RANGE_LOOP_ANALYSIS = YES;
				CLANG_WARN_STRICT_PROTOTYPES = YES;
				CLANG_WARN_SUSPICIOUS_MOVE = YES;
				CLANG_WARN_UNGUARDED_AVAILABILITY = YES_AGGRESSIVE;
				CLANG_WARN_UNREACHABLE_CODE = YES;
				CLANG_WARN__DUPLICATE_METHOD_MATCH = YES;
				COPY_PHASE_STRIP = NO;
				DEBUG_INFORMATION_FORMAT = "dwarf-with-dsym";
				ENABLE_NS_ASSERTIONS = NO;
				ENABLE_STRICT_OBJC_MSGSEND = YES;
				GCC_C_LANGUAGE_STANDARD = gnu11;
				GCC_NO_COMMON_BLOCKS = YES;
				GCC_WARN_64_TO_32_BIT_CONVERSION = YES;
				GCC_WARN_ABOUT_RETURN_TYPE = YES_ERROR;
				GCC_WARN_UNDECLARED_SELECTOR = YES;
				GCC_WARN_UNINITIALIZED_AUTOS = YES_AGGRESSIVE;
				GCC_WARN_UNUSED_FUNCTION = YES;
				GCC_WARN_UNUSED_VARIABLE = YES;
				IPHONEOS_DEPLOYMENT_TARGET = 16.4;
				MTL_ENABLE_DEBUG_INFO = NO;
				MTL_FAST_MATH = YES;
				SDKROOT = iphoneos;
				SWIFT_COMPILATION_MODE = wholemodule;
				SWIFT_OPTIMIZATION_LEVEL = "-O";
				VALIDATE_PRODUCT = YES;
			};
			name = Release;
		};
		26A028BB2C144406007F4446 /* Debug */ = {
			isa = XCBuildConfiguration;
			buildSettings = {
				ASSETCATALOG_COMPILER_APPICON_NAME = AppIcon;
				ASSETCATALOG_COMPILER_GLOBAL_ACCENT_COLOR_NAME = AccentColor;
				CODE_SIGN_STYLE = Automatic;
				CURRENT_PROJECT_VERSION = 1;
				DEVELOPMENT_ASSET_PATHS = "\"SimpleChat/Preview Content\"";
				DEVELOPMENT_TEAM = 937YVNJH2A;
				ENABLE_PREVIEWS = YES;
				GENERATE_INFOPLIST_FILE = YES;
				INFOPLIST_FILE = SimpleChat/Info.plist;
				INFOPLIST_KEY_UIApplicationSceneManifest_Generation = YES;
				INFOPLIST_KEY_UIApplicationSupportsIndirectInputEvents = YES;
				INFOPLIST_KEY_UILaunchScreen_Generation = YES;
				INFOPLIST_KEY_UISupportedInterfaceOrientations_iPad = "UIInterfaceOrientationPortrait UIInterfaceOrientationPortraitUpsideDown UIInterfaceOrientationLandscapeLeft UIInterfaceOrientationLandscapeRight";
				INFOPLIST_KEY_UISupportedInterfaceOrientations_iPhone = "UIInterfaceOrientationPortrait UIInterfaceOrientationLandscapeLeft UIInterfaceOrientationLandscapeRight";
				LD_RUNPATH_SEARCH_PATHS = (
					"$(inherited)",
					"@executable_path/Frameworks",
				);
				MARKETING_VERSION = 1.0;
				PRODUCT_BUNDLE_IDENTIFIER = Yaguchi.SimpleChat;
				PRODUCT_NAME = "$(TARGET_NAME)";
				SWIFT_EMIT_LOC_STRINGS = YES;
				SWIFT_VERSION = 5.0;
				TARGETED_DEVICE_FAMILY = "1,2";
			};
			name = Debug;
		};
		26A028BC2C144406007F4446 /* Release */ = {
			isa = XCBuildConfiguration;
			buildSettings = {
				ASSETCATALOG_COMPILER_APPICON_NAME = AppIcon;
				ASSETCATALOG_COMPILER_GLOBAL_ACCENT_COLOR_NAME = AccentColor;
				CODE_SIGN_STYLE = Automatic;
				CURRENT_PROJECT_VERSION = 1;
				DEVELOPMENT_ASSET_PATHS = "\"SimpleChat/Preview Content\"";
				DEVELOPMENT_TEAM = 937YVNJH2A;
				ENABLE_PREVIEWS = YES;
				GENERATE_INFOPLIST_FILE = YES;
				INFOPLIST_FILE = SimpleChat/Info.plist;
				INFOPLIST_KEY_UIApplicationSceneManifest_Generation = YES;
				INFOPLIST_KEY_UIApplicationSupportsIndirectInputEvents = YES;
				INFOPLIST_KEY_UILaunchScreen_Generation = YES;
				INFOPLIST_KEY_UISupportedInterfaceOrientations_iPad = "UIInterfaceOrientationPortrait UIInterfaceOrientationPortraitUpsideDown UIInterfaceOrientationLandscapeLeft UIInterfaceOrientationLandscapeRight";
				INFOPLIST_KEY_UISupportedInterfaceOrientations_iPhone = "UIInterfaceOrientationPortrait UIInterfaceOrientationLandscapeLeft UIInterfaceOrientationLandscapeRight";
				LD_RUNPATH_SEARCH_PATHS = (
					"$(inherited)",
					"@executable_path/Frameworks",
				);
				MARKETING_VERSION = 1.0;
				PRODUCT_BUNDLE_IDENTIFIER = Yaguchi.SimpleChat;
				PRODUCT_NAME = "$(TARGET_NAME)";
				SWIFT_EMIT_LOC_STRINGS = YES;
				SWIFT_VERSION = 5.0;
				TARGETED_DEVICE_FAMILY = "1,2";
			};
			name = Release;
		};
/* End XCBuildConfiguration section */

/* Begin XCConfigurationList section */
		26A028A72C144404007F4446 /* Build configuration list for PBXProject "SimpleChat" */ = {
			isa = XCConfigurationList;
			buildConfigurations = (
				26A028B82C144406007F4446 /* Debug */,
				26A028B92C144406007F4446 /* Release */,
			);
			defaultConfigurationIsVisible = 0;
			defaultConfigurationName = Release;
		};
		26A028BA2C144406007F4446 /* Build configuration list for PBXNativeTarget "SimpleChat" */ = {
			isa = XCConfigurationList;
			buildConfigurations = (
				26A028BB2C144406007F4446 /* Debug */,
				26A028BC2C144406007F4446 /* Release */,
			);
			defaultConfigurationIsVisible = 0;
			defaultConfigurationName = Release;
		};
/* End XCConfigurationList section */

/* Begin XCRemoteSwiftPackageReference section */
		26A028C02C144757007F4446 /* XCRemoteSwiftPackageReference "firebase-ios-sdk" */ = {
			isa = XCRemoteSwiftPackageReference;
			repositoryURL = "https://github.com/firebase/firebase-ios-sdk";
			requirement = {
				kind = upToNextMajorVersion;
				minimumVersion = 10.0.0;
			};
		};
/* End XCRemoteSwiftPackageReference section */

/* Begin XCSwiftPackageProductDependency section */
		26A028C12C144757007F4446 /* FirebaseAnalytics */ = {
			isa = XCSwiftPackageProductDependency;
			package = 26A028C02C144757007F4446 /* XCRemoteSwiftPackageReference "firebase-ios-sdk" */;
			productName = FirebaseAnalytics;
		};
		26A028C32C144757007F4446 /* FirebaseAuth */ = {
			isa = XCSwiftPackageProductDependency;
			package = 26A028C02C144757007F4446 /* XCRemoteSwiftPackageReference "firebase-ios-sdk" */;
			productName = FirebaseAuth;
		};
		26A028C52C144757007F4446 /* FirebaseAuthCombine-Community */ = {
			isa = XCSwiftPackageProductDependency;
			package = 26A028C02C144757007F4446 /* XCRemoteSwiftPackageReference "firebase-ios-sdk" */;
			productName = "FirebaseAuthCombine-Community";
		};
		26A028C72C144757007F4446 /* FirebaseFirestore */ = {
			isa = XCSwiftPackageProductDependency;
			package = 26A028C02C144757007F4446 /* XCRemoteSwiftPackageReference "firebase-ios-sdk" */;
			productName = FirebaseFirestore;
		};
		26A028C92C144757007F4446 /* FirebaseFirestoreCombine-Community */ = {
			isa = XCSwiftPackageProductDependency;
			package = 26A028C02C144757007F4446 /* XCRemoteSwiftPackageReference "firebase-ios-sdk" */;
			productName = "FirebaseFirestoreCombine-Community";
		};
		26A028CB2C144757007F4446 /* FirebaseFirestoreSwift */ = {
			isa = XCSwiftPackageProductDependency;
			package = 26A028C02C144757007F4446 /* XCRemoteSwiftPackageReference "firebase-ios-sdk" */;
			productName = FirebaseFirestoreSwift;
		};
/* End XCSwiftPackageProductDependency section */
	};
	rootObject = 26A028A42C144404007F4446 /* Project object */;
}
